
Microsoft Visual Studio Solution File, Format Version 12.00
# Visual Studio 15
VisualStudioVersion = 15.0.27004.2005
MinimumVisualStudioVersion = 10.0.40219.1
Project("{FAE04EC0-301F-11D3-BF4B-00C04F79EFBC}") = "LZFSESharp", "LZFSESharp\LZFSESharp.csproj", "{EABC0FF9-79F8-4404-B168-B00F07BFC325}"
EndProject
Project("{FAE04EC0-301F-11D3-BF4B-00C04F79EFBC}") = "LZFSESharp.Tests", "LZFSESharp.Tests\LZFSESharp.Tests.csproj", "{45E5DB47-FE99-4C39-BF21-810D179F190E}"
EndProject
Global
	GlobalSection(SolutionConfigurationPlatforms) = preSolution
		Debug|Any CPU = Debug|Any CPU
		Release|Any CPU = Release|Any CPU
	EndGlobalSection
	GlobalSection(ProjectConfigurationPlatforms) = postSolution
		{EABC0FF9-79F8-4404-B168-B00F07BFC325}.Debug|Any CPU.ActiveCfg = Debug|Any CPU
		{EABC0FF9-79F8-4404-B168-B00F07BFC325}.Debug|Any CPU.Build.0 = Debug|Any CPU
		{EABC0FF9-79F8-4404-B168-B00F07BFC325}.Release|Any CPU.ActiveCfg = Release|Any CPU
		{EABC0FF9-79F8-4404-B168-B00F07BFC325}.Release|Any CPU.Build.0 = Release|Any CPU
		{45E5DB47-FE99-4C39-BF21-810D179F190E}.Debug|Any CPU.ActiveCfg = Debug|Any CPU
		{45E5DB47-FE99-4C39-BF21-810D179F190E}.Debug|Any CPU.Build.0 = Debug|Any CPU
		{45E5DB47-FE99-4C39-BF21-810D179F190E}.Release|Any CPU.ActiveCfg = Release|Any CPU
		{45E5DB47-FE99-4C39-BF21-810D179F190E}.Release|Any CPU.Build.0 = Release|Any CPU
	EndGlobalSection
	GlobalSection(SolutionProperties) = preSolution
		HideSolutionNode = FALSE
	EndGlobalSection
	GlobalSection(ExtensibilityGlobals) = postSolution
		SolutionGuid = {01E8A4F4-4069-4523-BCDC-9396E7056C67}
	EndGlobalSection
EndGlobal
